<?xml version="1.0" encoding="utf-8"?>
<Project ToolsVersion="4.0" xmlns="http://schemas.microsoft.com/developer/msbuild/2003">
  <ItemGroup>
    <Filter Include="Source Files">
      <UniqueIdentifier>{4FC737F1-C7A5-4376-A066-2A32D752A2FF}</UniqueIdentifier>
      <Extensions>cpp;c;cc;cxx;def;odl;idl;hpj;bat;asm;asmx</Extensions>
    </Filter>
    <Filter Include="Header Files">
      <UniqueIdentifier>{93995380-89BD-4b04-88EB-625FBE52EBFB}</UniqueIdentifier>
      <Extensions>h;hh;hpp;hxx;hm;inl;inc;xsd</Extensions>
    </Filter>
    <Filter Include="Resource Files">
      <UniqueIdentifier>{67DA6AB6-F800-4c08-8B7A-83BB121AAD01}</UniqueIdentifier>
      <Extensions>rc;ico;cur;bmp;dlg;rc2;rct;bin;rgs;gif;jpg;jpeg;jpe;resx;tiff;tif;png;wav;mfcribbon-ms</Extensions>
    </Filter>
    <Filter Include="Header Files\Messages">
      <UniqueIdentifier>{7866132d-4f9e-499f-b48d-9ca49cd7f8dc}</UniqueIdentifier>
    </Filter>
    <Filter Include="Header Files\Particle System">
      <UniqueIdentifier>{15834447-744a-4be3-9d64-bff8ea43156e}</UniqueIdentifier>
    </Filter>
  </ItemGroup>
  <ItemGroup>
    <ClCompile Include="..\..\code\sources\main.cpp">
      <Filter>Source Files</Filter>
    </ClCompile>
    <ClCompile Include="..\..\code\sources\Scene.cpp">
      <Filter>Source Files</Filter>
    </ClCompile>
    <ClCompile Include="..\..\code\sources\Vehicle.cpp">
      <Filter>Source Files</Filter>
    </ClCompile>
    <ClCompile Include="..\..\code\sources\Message_Dispatcher.cpp">
      <Filter>Source Files</Filter>
    </ClCompile>
    <ClCompile Include="..\..\code\sources\Terrain.cpp">
      <Filter>Source Files</Filter>
    </ClCompile>
    <ClCompile Include="..\..\code\sources\Turret.cpp">
      <Filter>Source Files</Filter>
    </ClCompile>
    <ClCompile Include="..\..\code\sources\Elevator.cpp">
      <Filter>Source Files</Filter>
    </ClCompile>
    <ClCompile Include="..\..\code\sources\Trigger.cpp">
      <Filter>Source Files</Filter>
    </ClCompile>
    <ClCompile Include="..\..\code\sources\Particle_System.cpp">
      <Filter>Source Files</Filter>
    </ClCompile>
  </ItemGroup>
  <ItemGroup>
    <ClInclude Include="..\..\code\headers\Scene.hpp">
      <Filter>Header Files</Filter>
    </ClInclude>
    <ClInclude Include="..\..\code\headers\Entity.hpp">
      <Filter>Header Files</Filter>
    </ClInclude>
    <ClInclude Include="..\..\code\headers\Vehicle.hpp">
      <Filter>Header Files</Filter>
    </ClInclude>
    <ClInclude Include="..\..\code\headers\Message.hpp">
      <Filter>Header Files\Messages</Filter>
    </ClInclude>
    <ClInclude Include="..\..\code\headers\Message_Dispatcher.hpp">
      <Filter>Header Files\Messages</Filter>
    </ClInclude>
    <ClInclude Include="..\..\code\headers\Message_Listener.hpp">
      <Filter>Header Files\Messages</Filter>
    </ClInclude>
    <ClInclude Include="..\..\code\headers\Turret.hpp">
      <Filter>Header Files</Filter>
    </ClInclude>
    <ClInclude Include="..\..\code\headers\Elevator.hpp">
      <Filter>Header Files</Filter>
    </ClInclude>
    <ClInclude Include="..\..\code\headers\Terrain.hpp">
      <Filter>Header Files</Filter>
    </ClInclude>
    <ClInclude Include="..\..\code\headers\Layers.h">
      <Filter>Header Files</Filter>
    </ClInclude>
    <ClInclude Include="..\..\code\headers\UserData.hpp">
      <Filter>Header Files</Filter>
    </ClInclude>
    <ClInclude Include="..\..\code\headers\Trigger.hpp">
      <Filter>Header Files</Filter>
    </ClInclude>
    <ClInclude Include="..\..\code\headers\Particle.hpp">
      <Filter>Header Files\Particle System</Filter>
    </ClInclude>
    <ClInclude Include="..\..\code\headers\Particle_Emitter.hpp">
      <Filter>Header Files\Particle System</Filter>
    </ClInclude>
    <ClInclude Include="..\..\code\headers\Particle_Pool.hpp">
      <Filter>Header Files\Particle System</Filter>
    </ClInclude>
    <ClInclude Include="..\..\code\headers\Particle_Updater.hpp">
      <Filter>Header Files\Particle System</Filter>
    </ClInclude>
    <ClInclude Include="..\..\code\headers\Particle_System.hpp">
      <Filter>Header Files\Particle System</Filter>
    </ClInclude>
    <ClInclude Include="..\..\code\headers\Particle_Renderer.hpp">
      <Filter>Header Files\Particle System</Filter>
    </ClInclude>
  </ItemGroup>
</Project>